
Microsoft Visual Studio Solution File, Format Version 12.00
# Visual Studio Version 17
VisualStudioVersion = 17.1.32328.378
MinimumVisualStudioVersion = 10.0.40219.1
Project("{FAE04EC0-301F-11D3-BF4B-00C04F79EFBC}") = "JuniorDeveloperProject", "JuniorDeveloperProject\JuniorDeveloperProject.csproj", "{CF162C74-D55E-42F8-8E6A-D733336761EB}"
EndProject
Project("{FAE04EC0-301F-11D3-BF4B-00C04F79EFBC}") = "JuniorDeveloperProject.Data", "JuniorDeveloperProject.Data\JuniorDeveloperProject.Data.csproj", "{9B8B750A-E86F-458B-8518-86CFDD10197E}"
EndProject
Project("{FAE04EC0-301F-11D3-BF4B-00C04F79EFBC}") = "JuniorDeveloperProject.Models", "JuniorDeveloperProject.Models\JuniorDeveloperProject.Models.csproj", "{106CF02D-2D45-4F6B-A90C-E4C2634437FE}"
EndProject
Global
	GlobalSection(SolutionConfigurationPlatforms) = preSolution
		Debug|Any CPU = Debug|Any CPU
		Release|Any CPU = Release|Any CPU
	EndGlobalSection
	GlobalSection(ProjectConfigurationPlatforms) = postSolution
		{CF162C74-D55E-42F8-8E6A-D733336761EB}.Debug|Any CPU.ActiveCfg = Debug|Any CPU
		{CF162C74-D55E-42F8-8E6A-D733336761EB}.Debug|Any CPU.Build.0 = Debug|Any CPU
		{CF162C74-D55E-42F8-8E6A-D733336761EB}.Release|Any CPU.ActiveCfg = Release|Any CPU
		{CF162C74-D55E-42F8-8E6A-D733336761EB}.Release|Any CPU.Build.0 = Release|Any CPU
		{9B8B750A-E86F-458B-8518-86CFDD10197E}.Debug|Any CPU.ActiveCfg = Debug|Any CPU
		{9B8B750A-E86F-458B-8518-86CFDD10197E}.Debug|Any CPU.Build.0 = Debug|Any CPU
		{9B8B750A-E86F-458B-8518-86CFDD10197E}.Release|Any CPU.ActiveCfg = Release|Any CPU
		{9B8B750A-E86F-458B-8518-86CFDD10197E}.Release|Any CPU.Build.0 = Release|Any CPU
		{106CF02D-2D45-4F6B-A90C-E4C2634437FE}.Debug|Any CPU.ActiveCfg = Debug|Any CPU
		{106CF02D-2D45-4F6B-A90C-E4C2634437FE}.Debug|Any CPU.Build.0 = Debug|Any CPU
		{106CF02D-2D45-4F6B-A90C-E4C2634437FE}.Release|Any CPU.ActiveCfg = Release|Any CPU
		{106CF02D-2D45-4F6B-A90C-E4C2634437FE}.Release|Any CPU.Build.0 = Release|Any CPU
	EndGlobalSection
	GlobalSection(SolutionProperties) = preSolution
		HideSolutionNode = FALSE
	EndGlobalSection
	GlobalSection(ExtensibilityGlobals) = postSolution
		SolutionGuid = {0D669891-D295-48CB-AFE7-5130520DB5A9}
	EndGlobalSection
EndGlobal
